
Microsoft Visual Studio Solution File, Format Version 12.00
# Visual Studio Version 17
VisualStudioVersion = 17.5.002.0
MinimumVisualStudioVersion = 10.0.40219.1
Project("{9A19103F-16F7-4668-BE54-9A1E7A4F7556}") = "BankTransaction", "BankTransaction.csproj", "{E5723FF9-5ADB-4BB4-BE85-F4902E912E1D}"
EndProject
Global
	GlobalSection(SolutionConfigurationPlatforms) = preSolution
		Debug|Any CPU = Debug|Any CPU
		Release|Any CPU = Release|Any CPU
	EndGlobalSection
	GlobalSection(ProjectConfigurationPlatforms) = postSolution
		{E5723FF9-5ADB-4BB4-BE85-F4902E912E1D}.Debug|Any CPU.ActiveCfg = Debug|Any CPU
		{E5723FF9-5ADB-4BB4-BE85-F4902E912E1D}.Debug|Any CPU.Build.0 = Debug|Any CPU
		{E5723FF9-5ADB-4BB4-BE85-F4902E912E1D}.Release|Any CPU.ActiveCfg = Release|Any CPU
		{E5723FF9-5ADB-4BB4-BE85-F4902E912E1D}.Release|Any CPU.Build.0 = Release|Any CPU
	EndGlobalSection
	GlobalSection(SolutionProperties) = preSolution
		HideSolutionNode = FALSE
	EndGlobalSection
	GlobalSection(ExtensibilityGlobals) = postSolution
		SolutionGuid = {E2F793A8-E113-473A-B8EC-923BFC704917}
	EndGlobalSection
EndGlobal
